PODS:
  - pop (1.0.7)
  - PureLayout (2.0.5)
  - Realm (0.91.1):
    - Realm/Headers (= 0.91.1)
  - Realm/Headers (0.91.1)
  - Shimmer (1.0.2)
  - Spring (1.0.1)

DEPENDENCIES:
  - pop
  - PureLayout
  - Realm
  - Shimmer
  - Spring

SPEC CHECKSUMS:
  pop: 2f14a1ea61339767af9e66741b418c831b3844df
  PureLayout: 63a3257320223e8edddcd3afb407445f85a6bf74
  Realm: 81adfc7f43f9301f40bbc46d5e8a10aaf71b9504
  Shimmer: 057fcfe9c1c978d69d50b64fce93a61080cd08ec
  Spring: e89869046a8b25c17fed7a5b123685738a63b26a

COCOAPODS: 0.36.0
