PODS:
  - pop (1.0.7)
  - PureLayout (2.0.6)
  - Realm (0.93.0):
    - Realm/Headers (= 0.93.0)
  - Realm/Headers (0.93.0)
  - Shimmer (1.0.2)
  - Spring (1.0.3)

DEPENDENCIES:
  - pop
  - PureLayout
  - Realm
  - Shimmer
  - Spring

SPEC CHECKSUMS:
  pop: 628ffc631644601567ee8bfaaaea493ebd7d0923
  PureLayout: f25f0bb904d5ccfe6e31da3cb869185259f02e0d
  Realm: b29e8bc1534656723fa3465a3687aade1dbd1e4b
  Shimmer: c5374be1c2b0c9e292fb05b339a513cf291cac86
  Spring: 3f02b5dc3308572ef177b3cad0fa7bbc4b0706f7

COCOAPODS: 0.36.3
